{
  "name": "backend",
  "lockfileVersion": 3,
  "requires": true,
  "packages": {
    "": {
      "dependencies": {
        "csv-parse": "^6.1.0"
      },
      "devDependencies": {
        "@types/csv-parse": "^1.1.12"
      }
    },
    "node_modules/@types/csv-parse": {
      "version": "1.1.12",
      "resolved": "https://registry.npmjs.org/@types/csv-parse/-/csv-parse-1.1.12.tgz",
      "integrity": "sha512-p6uZznjJOcFaymduLYf45ik28IYzChnkt+ofJOWa16bb2JRCHdxs/ai03q6raizCc5JuunVsbgtlDxfu9y2Nag==",
      "dev": true,
      "license": "MIT",
      "dependencies": {
        "@types/node": "*"
      }
    },
    "node_modules/@types/node": {
      "version": "24.5.2",
      "resolved": "https://registry.npmjs.org/@types/node/-/node-24.5.2.tgz",
      "integrity": "sha512-FYxk1I7wPv3K2XBaoyH2cTnocQEu8AOZ60hPbsyukMPLv5/5qr7V1i8PLHdl6Zf87I+xZXFvPCXYjiTFq+YSDQ==",
      "dev": true,
      "license": "MIT",
      "dependencies": {
        "undici-types": "~7.12.0"
      }
    },
    "node_modules/csv-parse": {
      "version": "6.1.0",
      "resolved": "https://registry.npmjs.org/csv-parse/-/csv-parse-6.1.0.tgz",
      "integrity": "sha512-CEE+jwpgLn+MmtCpVcPtiCZpVtB6Z2OKPTr34pycYYoL7sxdOkXDdQ4lRiw6ioC0q6BLqhc6cKweCVvral8yhw==",
      "license": "MIT"
    },
    "node_modules/undici-types": {
      "version": "7.12.0",
      "resolved": "https://registry.npmjs.org/undici-types/-/undici-types-7.12.0.tgz",
      "integrity": "sha512-goOacqME2GYyOZZfb5Lgtu+1IDmAlAEu5xnD3+xTzS10hT0vzpf0SPjkXwAw9Jm+4n/mQGDP3LO8CPbYROeBfQ==",
      "dev": true,
      "license": "MIT"
    }
  }
}
